
Microsoft Visual Studio Solution File, Format Version 12.00
# Visual Studio 15
VisualStudioVersion = 15.0.26730.16
MinimumVisualStudioVersion = 10.0.40219.1
Project("{FAE04EC0-301F-11D3-BF4B-00C04F79EFBC}") = "Messages", "Messages\Messages.csproj", "{CBBC1E48-F506-4FD0-97FC-B42F7AAED2B2}"
EndProject
Global
	GlobalSection(SolutionConfigurationPlatforms) = preSolution
		Debug|Any CPU = Debug|Any CPU
		Release|Any CPU = Release|Any CPU
	EndGlobalSection
	GlobalSection(ProjectConfigurationPlatforms) = postSolution
		{CBBC1E48-F506-4FD0-97FC-B42F7AAED2B2}.Debug|Any CPU.ActiveCfg = Debug|Any CPU
		{CBBC1E48-F506-4FD0-97FC-B42F7AAED2B2}.Debug|Any CPU.Build.0 = Debug|Any CPU
		{CBBC1E48-F506-4FD0-97FC-B42F7AAED2B2}.Release|Any CPU.ActiveCfg = Release|Any CPU
		{CBBC1E48-F506-4FD0-97FC-B42F7AAED2B2}.Release|Any CPU.Build.0 = Release|Any CPU
	EndGlobalSection
	GlobalSection(SolutionProperties) = preSolution
		HideSolutionNode = FALSE
	EndGlobalSection
	GlobalSection(ExtensibilityGlobals) = postSolution
		SolutionGuid = {B9FEF38F-0558-43A7-AED2-A2E86474BE60}
	EndGlobalSection
EndGlobal
